
Microsoft Visual Studio Solution File, Format Version 12.00
# Visual Studio 2012
Project("{FAE04EC0-301F-11D3-BF4B-00C04F79EFBC}") = "ToDo", "ToDo\ToDo.csproj", "{2363DEF2-AC7A-4E75-8274-F1C123CE6397}"
EndProject
Global
	GlobalSection(SolutionConfigurationPlatforms) = preSolution
		Debug|Any CPU = Debug|Any CPU
		Release|Any CPU = Release|Any CPU
	EndGlobalSection
	GlobalSection(ProjectConfigurationPlatforms) = postSolution
		{2363DEF2-AC7A-4E75-8274-F1C123CE6397}.Debug|Any CPU.ActiveCfg = Debug|Any CPU
		{2363DEF2-AC7A-4E75-8274-F1C123CE6397}.Debug|Any CPU.Build.0 = Debug|Any CPU
		{2363DEF2-AC7A-4E75-8274-F1C123CE6397}.Release|Any CPU.ActiveCfg = Release|Any CPU
		{2363DEF2-AC7A-4E75-8274-F1C123CE6397}.Release|Any CPU.Build.0 = Release|Any CPU
	EndGlobalSection
EndGlobal
